
Microsoft Visual Studio Solution File, Format Version 12.00
# Visual Studio 2013
VisualStudioVersion = 12.0.21005.1
MinimumVisualStudioVersion = 10.0.40219.1
Project("{FAE04EC0-301F-11D3-BF4B-00C04F79EFBC}") = "Nd.Framework", "Nd.Framework\Nd.Framework.csproj", "{9A98F357-31F3-4735-BF5C-65272D6FB039}"
EndProject
Project("{FAE04EC0-301F-11D3-BF4B-00C04F79EFBC}") = "Nd.Tests", "Nd.Tests\Nd.Tests.csproj", "{32369284-0520-4477-B529-31FB2D573034}"
EndProject
Project("{FAE04EC0-301F-11D3-BF4B-00C04F79EFBC}") = "Nd.Framework.Services", "Nd.Framework.Services\Nd.Framework.Services.csproj", "{2B5CA336-8159-4537-8005-9385268B4AD6}"
EndProject
Project("{FAE04EC0-301F-11D3-BF4B-00C04F79EFBC}") = "Nd.Framework.Logging.Log4Net", "Nd.Framework.Logging.Log4Net\Nd.Framework.Logging.Log4Net.csproj", "{46272284-A37D-4AD1-B9C5-351240B189C1}"
EndProject
Project("{FAE04EC0-301F-11D3-BF4B-00C04F79EFBC}") = "Nd.Framework.Repositories.EntityFramework", "Nd.Framework.Repositories.EntityFramework\Nd.Framework.Repositories.EntityFramework.csproj", "{21AF91FA-0C3A-48B5-8C39-6D5FE1910971}"
EndProject
Project("{FAE04EC0-301F-11D3-BF4B-00C04F79EFBC}") = "Nd.Framework.Caching.Redis", "Nd.Framework.Caching.Redis\Nd.Framework.Caching.Redis.csproj", "{B0943FEB-1AB2-487A-B3CC-462E1DDF2983}"
EndProject
Project("{FAE04EC0-301F-11D3-BF4B-00C04F79EFBC}") = "Nd.Framework.ObjectContainers.Castle", "Nd.Framework.ObjectContainers.Castle\Nd.Framework.ObjectContainers.Castle.csproj", "{CAE1EAF0-BE1E-4BEB-B4E4-17615EAA0ACF}"
EndProject
Project("{FAE04EC0-301F-11D3-BF4B-00C04F79EFBC}") = "Nd.Framework.Bus.MSMQ", "Nd.Framework.Bus.MSMQ\Nd.Framework.Bus.MSMQ.csproj", "{2268849E-29CF-4BDB-A87D-5B87A6852402}"
EndProject
Project("{FAE04EC0-301F-11D3-BF4B-00C04F79EFBC}") = "Nd.Framework.Bus.RabbitMQ", "Nd.Framework.Bus.RabbitMQ\Nd.Framework.Bus.RabbitMQ.csproj", "{7C492550-975E-4DBF-B497-C4042BEAB119}"
EndProject
Project("{FAE04EC0-301F-11D3-BF4B-00C04F79EFBC}") = "Nd.Framework.Repositories.Dapper", "Nd.Framework.Repositories.Dapper\Nd.Framework.Repositories.Dapper.csproj", "{652C3481-9CA0-4ADE-AABC-6070669ECE30}"
EndProject
Project("{FAE04EC0-301F-11D3-BF4B-00C04F79EFBC}") = "Nd.Framework.Repositories.OrmLite", "Nd.Framework.Repositories.OrmLite\Nd.Framework.Repositories.OrmLite.csproj", "{63897DE1-C438-4A0F-8668-5785B110A09A}"
EndProject
Global
	GlobalSection(SolutionConfigurationPlatforms) = preSolution
		Debug|Any CPU = Debug|Any CPU
		Release|Any CPU = Release|Any CPU
	EndGlobalSection
	GlobalSection(ProjectConfigurationPlatforms) = postSolution
		{9A98F357-31F3-4735-BF5C-65272D6FB039}.Debug|Any CPU.ActiveCfg = Debug|Any CPU
		{9A98F357-31F3-4735-BF5C-65272D6FB039}.Debug|Any CPU.Build.0 = Debug|Any CPU
		{9A98F357-31F3-4735-BF5C-65272D6FB039}.Release|Any CPU.ActiveCfg = Release|Any CPU
		{9A98F357-31F3-4735-BF5C-65272D6FB039}.Release|Any CPU.Build.0 = Release|Any CPU
		{32369284-0520-4477-B529-31FB2D573034}.Debug|Any CPU.ActiveCfg = Debug|Any CPU
		{32369284-0520-4477-B529-31FB2D573034}.Debug|Any CPU.Build.0 = Debug|Any CPU
		{32369284-0520-4477-B529-31FB2D573034}.Release|Any CPU.ActiveCfg = Release|Any CPU
		{32369284-0520-4477-B529-31FB2D573034}.Release|Any CPU.Build.0 = Release|Any CPU
		{2B5CA336-8159-4537-8005-9385268B4AD6}.Debug|Any CPU.ActiveCfg = Debug|Any CPU
		{2B5CA336-8159-4537-8005-9385268B4AD6}.Debug|Any CPU.Build.0 = Debug|Any CPU
		{2B5CA336-8159-4537-8005-9385268B4AD6}.Release|Any CPU.ActiveCfg = Release|Any CPU
		{2B5CA336-8159-4537-8005-9385268B4AD6}.Release|Any CPU.Build.0 = Release|Any CPU
		{46272284-A37D-4AD1-B9C5-351240B189C1}.Debug|Any CPU.ActiveCfg = Debug|Any CPU
		{46272284-A37D-4AD1-B9C5-351240B189C1}.Debug|Any CPU.Build.0 = Debug|Any CPU
		{46272284-A37D-4AD1-B9C5-351240B189C1}.Release|Any CPU.ActiveCfg = Release|Any CPU
		{46272284-A37D-4AD1-B9C5-351240B189C1}.Release|Any CPU.Build.0 = Release|Any CPU
		{21AF91FA-0C3A-48B5-8C39-6D5FE1910971}.Debug|Any CPU.ActiveCfg = Debug|Any CPU
		{21AF91FA-0C3A-48B5-8C39-6D5FE1910971}.Debug|Any CPU.Build.0 = Debug|Any CPU
		{21AF91FA-0C3A-48B5-8C39-6D5FE1910971}.Release|Any CPU.ActiveCfg = Release|Any CPU
		{21AF91FA-0C3A-48B5-8C39-6D5FE1910971}.Release|Any CPU.Build.0 = Release|Any CPU
		{B0943FEB-1AB2-487A-B3CC-462E1DDF2983}.Debug|Any CPU.ActiveCfg = Debug|Any CPU
		{B0943FEB-1AB2-487A-B3CC-462E1DDF2983}.Debug|Any CPU.Build.0 = Debug|Any CPU
		{B0943FEB-1AB2-487A-B3CC-462E1DDF2983}.Release|Any CPU.ActiveCfg = Release|Any CPU
		{B0943FEB-1AB2-487A-B3CC-462E1DDF2983}.Release|Any CPU.Build.0 = Release|Any CPU
		{CAE1EAF0-BE1E-4BEB-B4E4-17615EAA0ACF}.Debug|Any CPU.ActiveCfg = Debug|Any CPU
		{CAE1EAF0-BE1E-4BEB-B4E4-17615EAA0ACF}.Debug|Any CPU.Build.0 = Debug|Any CPU
		{CAE1EAF0-BE1E-4BEB-B4E4-17615EAA0ACF}.Release|Any CPU.ActiveCfg = Release|Any CPU
		{CAE1EAF0-BE1E-4BEB-B4E4-17615EAA0ACF}.Release|Any CPU.Build.0 = Release|Any CPU
		{2268849E-29CF-4BDB-A87D-5B87A6852402}.Debug|Any CPU.ActiveCfg = Debug|Any CPU
		{2268849E-29CF-4BDB-A87D-5B87A6852402}.Debug|Any CPU.Build.0 = Debug|Any CPU
		{2268849E-29CF-4BDB-A87D-5B87A6852402}.Release|Any CPU.ActiveCfg = Release|Any CPU
		{2268849E-29CF-4BDB-A87D-5B87A6852402}.Release|Any CPU.Build.0 = Release|Any CPU
		{7C492550-975E-4DBF-B497-C4042BEAB119}.Debug|Any CPU.ActiveCfg = Debug|Any CPU
		{7C492550-975E-4DBF-B497-C4042BEAB119}.Debug|Any CPU.Build.0 = Debug|Any CPU
		{7C492550-975E-4DBF-B497-C4042BEAB119}.Release|Any CPU.ActiveCfg = Release|Any CPU
		{7C492550-975E-4DBF-B497-C4042BEAB119}.Release|Any CPU.Build.0 = Release|Any CPU
		{652C3481-9CA0-4ADE-AABC-6070669ECE30}.Debug|Any CPU.ActiveCfg = Debug|Any CPU
		{652C3481-9CA0-4ADE-AABC-6070669ECE30}.Debug|Any CPU.Build.0 = Debug|Any CPU
		{652C3481-9CA0-4ADE-AABC-6070669ECE30}.Release|Any CPU.ActiveCfg = Release|Any CPU
		{652C3481-9CA0-4ADE-AABC-6070669ECE30}.Release|Any CPU.Build.0 = Release|Any CPU
		{63897DE1-C438-4A0F-8668-5785B110A09A}.Debug|Any CPU.ActiveCfg = Debug|Any CPU
		{63897DE1-C438-4A0F-8668-5785B110A09A}.Debug|Any CPU.Build.0 = Debug|Any CPU
		{63897DE1-C438-4A0F-8668-5785B110A09A}.Release|Any CPU.ActiveCfg = Release|Any CPU
		{63897DE1-C438-4A0F-8668-5785B110A09A}.Release|Any CPU.Build.0 = Release|Any CPU
	EndGlobalSection
	GlobalSection(SolutionProperties) = preSolution
		HideSolutionNode = FALSE
	EndGlobalSection
EndGlobal
